
Microsoft Visual Studio Solution File, Format Version 12.00
# Visual Studio Version 17
VisualStudioVersion = 17.3.32929.385
MinimumVisualStudioVersion = 10.0.40219.1
Project("{9A19103F-16F7-4668-BE54-9A1E7A4F7556}") = "Practice101", "1.一番基本的な処理\Practice101\Practice101.csproj", "{CA5FADB2-EDFD-4D40-B66C-AAA20C73929A}"
EndProject
Project("{9A19103F-16F7-4668-BE54-9A1E7A4F7556}") = "Practice102", "1.一番基本的な処理\Practice102\Practice102.csproj", "{93FD4669-E245-4B7A-A8AF-D0B8FE8095DA}"
EndProject
Project("{9A19103F-16F7-4668-BE54-9A1E7A4F7556}") = "Practice103", "1.一番基本的な処理\Practice103\Practice103.csproj", "{56D404CB-5CE5-42EC-AB15-20D026428585}"
EndProject
Project("{9A19103F-16F7-4668-BE54-9A1E7A4F7556}") = "Practice104", "1.一番基本的な処理\Practice104\Practice104.csproj", "{11B15AC9-53F6-4033-A8F1-A4EA40430961}"
EndProject
Project("{9A19103F-16F7-4668-BE54-9A1E7A4F7556}") = "Practice105", "1.一番基本的な処理\Practice105\Practice105.csproj", "{016C5B94-4654-4286-B22E-CC754D1EB120}"
EndProject
Project("{9A19103F-16F7-4668-BE54-9A1E7A4F7556}") = "Practice201", "2.変数と演算\Practice201\Practice201.csproj", "{21604C5E-4FE2-49EA-ABF7-37581E949F24}"
EndProject
Project("{9A19103F-16F7-4668-BE54-9A1E7A4F7556}") = "Practice202", "2.変数と演算\Practice202\Practice202.csproj", "{B518BE1A-DE5D-4155-98E5-81794F132629}"
EndProject
Project("{9A19103F-16F7-4668-BE54-9A1E7A4F7556}") = "Practice203", "2.変数と演算\Practice203\Practice203.csproj", "{4989C12F-9C1B-4D3D-80D6-33C45002E38D}"
EndProject
Project("{9A19103F-16F7-4668-BE54-9A1E7A4F7556}") = "Practice205", "2.変数と演算\Practice205\Practice205.csproj", "{B1390DD1-74BD-466B-9572-1AE669ECF3F1}"
EndProject
Project("{9A19103F-16F7-4668-BE54-9A1E7A4F7556}") = "Practice301", "3.条件分岐\Practice301\Practice301.csproj", "{84424E8C-90C6-4787-BC65-2236BABA45E6}"
EndProject
Project("{9A19103F-16F7-4668-BE54-9A1E7A4F7556}") = "Practice302", "3.条件分岐\Practice302\Practice302.csproj", "{4A818380-F0BD-48D0-808D-1367D8085FC0}"
EndProject
Project("{9A19103F-16F7-4668-BE54-9A1E7A4F7556}") = "Practice303", "3.条件分岐\Practice303\Practice303.csproj", "{653C6C3F-AE05-4B77-AD3E-0D3E1551B84A}"
EndProject
Project("{9A19103F-16F7-4668-BE54-9A1E7A4F7556}") = "Practice304", "3.条件分岐\Practice304\Practice304.csproj", "{A16A01B1-3493-4DB3-BA30-51F0B56D5909}"
EndProject
Project("{9A19103F-16F7-4668-BE54-9A1E7A4F7556}") = "Practice305", "3.条件分岐\Practice305\Practice305.csproj", "{D8D38ADF-C6FF-4B77-9F27-46973297FB49}"
EndProject
Project("{9A19103F-16F7-4668-BE54-9A1E7A4F7556}") = "Practice306", "3.条件分岐\Practice306\Practice306.csproj", "{68F4900B-8583-4424-928A-40C6ED953051}"
EndProject
Project("{9A19103F-16F7-4668-BE54-9A1E7A4F7556}") = "Practice307", "3.条件分岐\Practice307\Practice307.csproj", "{86B1674A-5CEB-48EC-8B9A-AA07E375315F}"
EndProject
Project("{9A19103F-16F7-4668-BE54-9A1E7A4F7556}") = "Practice308", "3.条件分岐\Practice308\Practice308.csproj", "{FBC0A036-58F5-49CC-83BA-ADBD7C4D3E63}"
EndProject
Project("{9A19103F-16F7-4668-BE54-9A1E7A4F7556}") = "Practice401", "4.繰り返し\Practice401\Practice401.csproj", "{2BD3BFEC-5682-4714-A8EA-F103B422789D}"
EndProject
Project("{9A19103F-16F7-4668-BE54-9A1E7A4F7556}") = "Practice402", "4.繰り返し\Practice402\Practice402.csproj", "{C9A9FA0C-CEE8-4036-86AB-9C1069DC460D}"
EndProject
Project("{9A19103F-16F7-4668-BE54-9A1E7A4F7556}") = "Practice403", "4.繰り返し\Practice403\Practice403.csproj", "{E78A1280-E1D3-4CA6-A7D2-61038D09AA6E}"
EndProject
Project("{9A19103F-16F7-4668-BE54-9A1E7A4F7556}") = "Practice404", "4.繰り返し\Practice404\Practice404.csproj", "{034EBA38-9E76-4A3F-B848-BFE1C1C65A73}"
EndProject
Project("{9A19103F-16F7-4668-BE54-9A1E7A4F7556}") = "Practice405", "4.繰り返し\Practice405\Practice405.csproj", "{010F83F0-5B5F-440B-92A3-56350A597E53}"
EndProject
Project("{9A19103F-16F7-4668-BE54-9A1E7A4F7556}") = "Practice406", "4.繰り返し\Practice406\Practice406.csproj", "{46923B0E-6A98-4670-8747-2FA5A5A30BF1}"
EndProject
Project("{9A19103F-16F7-4668-BE54-9A1E7A4F7556}") = "Practice407", "4.繰り返し\Practice407\Practice407.csproj", "{60CA6C52-7704-4BCC-B269-EB8890ECEB8D}"
EndProject
Project("{9A19103F-16F7-4668-BE54-9A1E7A4F7556}") = "Practice408", "4.繰り返し\Practice408\Practice408.csproj", "{0E44F35C-1B3B-4ABB-B7FF-88C150018F85}"
EndProject
Project("{9A19103F-16F7-4668-BE54-9A1E7A4F7556}") = "Practice409", "4.繰り返し\Practice409\Practice409.csproj", "{043B83F7-E77F-43DA-BDD0-E68F90AF8F7A}"
EndProject
Project("{9A19103F-16F7-4668-BE54-9A1E7A4F7556}") = "Practice410", "4.繰り返し\Practice410\Practice410.csproj", "{B6BD35A4-60B9-4C51-A051-BD3D5A20F7EF}"
EndProject
Project("{9A19103F-16F7-4668-BE54-9A1E7A4F7556}") = "Practice411", "4.繰り返し\Practice411\Practice411.csproj", "{9F7DB830-0B91-4C71-9F25-92321E315680}"
EndProject
Project("{9A19103F-16F7-4668-BE54-9A1E7A4F7556}") = "Practice412", "4.繰り返し\Practice412\Practice412.csproj", "{175150A1-4CD7-4135-8497-B487587E28D5}"
EndProject
Project("{9A19103F-16F7-4668-BE54-9A1E7A4F7556}") = "Practice413", "4.繰り返し\Practice413\Practice413.csproj", "{66043AEE-6CED-448B-8A9A-A755B3EB9D84}"
EndProject
Project("{9A19103F-16F7-4668-BE54-9A1E7A4F7556}") = "Practice414", "4.繰り返し\Practice414\Practice414.csproj", "{1F14442C-C64C-4EE6-92E5-9742A6EE8805}"
EndProject
Project("{9A19103F-16F7-4668-BE54-9A1E7A4F7556}") = "Practice415", "4.繰り返し\Practice415\Practice415.csproj", "{6365BCAF-019D-4FB2-9A09-219D8835E451}"
EndProject
Project("{9A19103F-16F7-4668-BE54-9A1E7A4F7556}") = "Practice501", "5.配列\Practice501\Practice501.csproj", "{556E1877-A854-49EB-9980-640753F75AD1}"
EndProject
Project("{9A19103F-16F7-4668-BE54-9A1E7A4F7556}") = "Practice502", "5.配列\Practice502\Practice502.csproj", "{71016001-F307-4FA9-B412-F8F1EDDAF518}"
EndProject
Project("{9A19103F-16F7-4668-BE54-9A1E7A4F7556}") = "Practice503", "5.配列\Practice503\Practice503.csproj", "{E69D0F52-F2E4-4CB4-91FC-12E104E1690D}"
EndProject
Project("{9A19103F-16F7-4668-BE54-9A1E7A4F7556}") = "Practice504", "5.配列\Practice504\Practice504.csproj", "{81401E5F-263B-41A3-B6A6-D0EE9EF7EE0B}"
EndProject
Project("{2150E333-8FDC-42A3-9474-1A3956D46DE8}") = "1.一番基本的な処理", "1.一番基本的な処理", "{082B3696-36BC-465B-9487-1275C108C365}"
EndProject
Project("{2150E333-8FDC-42A3-9474-1A3956D46DE8}") = "2.変数と演算", "2.変数と演算", "{000039E3-C6AD-4A61-A920-0A955B482CF8}"
EndProject
Project("{2150E333-8FDC-42A3-9474-1A3956D46DE8}") = "3.条件分岐", "3.条件分岐", "{BA2063AD-434B-48A0-85FD-3FB259D291A7}"
EndProject
Project("{2150E333-8FDC-42A3-9474-1A3956D46DE8}") = "4.繰り返し", "4.繰り返し", "{C98257F0-4076-4566-AB79-9FC630D49ED7}"
EndProject
Project("{2150E333-8FDC-42A3-9474-1A3956D46DE8}") = "5.配列", "5.配列", "{F31CEBE1-4135-40CF-9FC2-0BFCFD8CA0ED}"
EndProject
Project("{9A19103F-16F7-4668-BE54-9A1E7A4F7556}") = "Practice204", "2.変数と演算\Practice204\Practice204.csproj", "{07AB046F-FD3E-4195-9FB2-E0803B095A7C}"
EndProject
Project("{2150E333-8FDC-42A3-9474-1A3956D46DE8}") = "9.クラス", "9.クラス", "{5D037CBA-DF6F-4368-98BB-5E54EA347809}"
EndProject
Project("{FAE04EC0-301F-11D3-BF4B-00C04F79EFBC}") = "Practice901", "9.クラス\Practice901\Practice901.csproj", "{97EF3578-BFFF-45F1-BDDC-F49390A44477}"
EndProject
Project("{FAE04EC0-301F-11D3-BF4B-00C04F79EFBC}") = "Practice902", "9.クラス\Practice902\Practice902.csproj", "{8BF75933-F2ED-400D-BD04-002C865537EE}"
EndProject
Global
	GlobalSection(SolutionConfigurationPlatforms) = preSolution
		Debug|Any CPU = Debug|Any CPU
		Release|Any CPU = Release|Any CPU
	EndGlobalSection
	GlobalSection(ProjectConfigurationPlatforms) = postSolution
		{CA5FADB2-EDFD-4D40-B66C-AAA20C73929A}.Debug|Any CPU.ActiveCfg = Debug|Any CPU
		{CA5FADB2-EDFD-4D40-B66C-AAA20C73929A}.Debug|Any CPU.Build.0 = Debug|Any CPU
		{CA5FADB2-EDFD-4D40-B66C-AAA20C73929A}.Release|Any CPU.ActiveCfg = Release|Any CPU
		{CA5FADB2-EDFD-4D40-B66C-AAA20C73929A}.Release|Any CPU.Build.0 = Release|Any CPU
		{93FD4669-E245-4B7A-A8AF-D0B8FE8095DA}.Debug|Any CPU.ActiveCfg = Debug|Any CPU
		{93FD4669-E245-4B7A-A8AF-D0B8FE8095DA}.Debug|Any CPU.Build.0 = Debug|Any CPU
		{93FD4669-E245-4B7A-A8AF-D0B8FE8095DA}.Release|Any CPU.ActiveCfg = Release|Any CPU
		{93FD4669-E245-4B7A-A8AF-D0B8FE8095DA}.Release|Any CPU.Build.0 = Release|Any CPU
		{56D404CB-5CE5-42EC-AB15-20D026428585}.Debug|Any CPU.ActiveCfg = Debug|Any CPU
		{56D404CB-5CE5-42EC-AB15-20D026428585}.Debug|Any CPU.Build.0 = Debug|Any CPU
		{56D404CB-5CE5-42EC-AB15-20D026428585}.Release|Any CPU.ActiveCfg = Release|Any CPU
		{56D404CB-5CE5-42EC-AB15-20D026428585}.Release|Any CPU.Build.0 = Release|Any CPU
		{11B15AC9-53F6-4033-A8F1-A4EA40430961}.Debug|Any CPU.ActiveCfg = Debug|Any CPU
		{11B15AC9-53F6-4033-A8F1-A4EA40430961}.Debug|Any CPU.Build.0 = Debug|Any CPU
		{11B15AC9-53F6-4033-A8F1-A4EA40430961}.Release|Any CPU.ActiveCfg = Release|Any CPU
		{11B15AC9-53F6-4033-A8F1-A4EA40430961}.Release|Any CPU.Build.0 = Release|Any CPU
		{016C5B94-4654-4286-B22E-CC754D1EB120}.Debug|Any CPU.ActiveCfg = Debug|Any CPU
		{016C5B94-4654-4286-B22E-CC754D1EB120}.Debug|Any CPU.Build.0 = Debug|Any CPU
		{016C5B94-4654-4286-B22E-CC754D1EB120}.Release|Any CPU.ActiveCfg = Release|Any CPU
		{016C5B94-4654-4286-B22E-CC754D1EB120}.Release|Any CPU.Build.0 = Release|Any CPU
		{21604C5E-4FE2-49EA-ABF7-37581E949F24}.Debug|Any CPU.ActiveCfg = Debug|Any CPU
		{21604C5E-4FE2-49EA-ABF7-37581E949F24}.Debug|Any CPU.Build.0 = Debug|Any CPU
		{21604C5E-4FE2-49EA-ABF7-37581E949F24}.Release|Any CPU.ActiveCfg = Release|Any CPU
		{21604C5E-4FE2-49EA-ABF7-37581E949F24}.Release|Any CPU.Build.0 = Release|Any CPU
		{B518BE1A-DE5D-4155-98E5-81794F132629}.Debug|Any CPU.ActiveCfg = Debug|Any CPU
		{B518BE1A-DE5D-4155-98E5-81794F132629}.Debug|Any CPU.Build.0 = Debug|Any CPU
		{B518BE1A-DE5D-4155-98E5-81794F132629}.Release|Any CPU.ActiveCfg = Release|Any CPU
		{B518BE1A-DE5D-4155-98E5-81794F132629}.Release|Any CPU.Build.0 = Release|Any CPU
		{4989C12F-9C1B-4D3D-80D6-33C45002E38D}.Debug|Any CPU.ActiveCfg = Debug|Any CPU
		{4989C12F-9C1B-4D3D-80D6-33C45002E38D}.Debug|Any CPU.Build.0 = Debug|Any CPU
		{4989C12F-9C1B-4D3D-80D6-33C45002E38D}.Release|Any CPU.ActiveCfg = Release|Any CPU
		{4989C12F-9C1B-4D3D-80D6-33C45002E38D}.Release|Any CPU.Build.0 = Release|Any CPU
		{B1390DD1-74BD-466B-9572-1AE669ECF3F1}.Debug|Any CPU.ActiveCfg = Debug|Any CPU
		{B1390DD1-74BD-466B-9572-1AE669ECF3F1}.Debug|Any CPU.Build.0 = Debug|Any CPU
		{B1390DD1-74BD-466B-9572-1AE669ECF3F1}.Release|Any CPU.ActiveCfg = Release|Any CPU
		{B1390DD1-74BD-466B-9572-1AE669ECF3F1}.Release|Any CPU.Build.0 = Release|Any CPU
		{84424E8C-90C6-4787-BC65-2236BABA45E6}.Debug|Any CPU.ActiveCfg = Debug|Any CPU
		{84424E8C-90C6-4787-BC65-2236BABA45E6}.Debug|Any CPU.Build.0 = Debug|Any CPU
		{84424E8C-90C6-4787-BC65-2236BABA45E6}.Release|Any CPU.ActiveCfg = Release|Any CPU
		{84424E8C-90C6-4787-BC65-2236BABA45E6}.Release|Any CPU.Build.0 = Release|Any CPU
		{4A818380-F0BD-48D0-808D-1367D8085FC0}.Debug|Any CPU.ActiveCfg = Debug|Any CPU
		{4A818380-F0BD-48D0-808D-1367D8085FC0}.Debug|Any CPU.Build.0 = Debug|Any CPU
		{4A818380-F0BD-48D0-808D-1367D8085FC0}.Release|Any CPU.ActiveCfg = Release|Any CPU
		{4A818380-F0BD-48D0-808D-1367D8085FC0}.Release|Any CPU.Build.0 = Release|Any CPU
		{653C6C3F-AE05-4B77-AD3E-0D3E1551B84A}.Debug|Any CPU.ActiveCfg = Debug|Any CPU
		{653C6C3F-AE05-4B77-AD3E-0D3E1551B84A}.Debug|Any CPU.Build.0 = Debug|Any CPU
		{653C6C3F-AE05-4B77-AD3E-0D3E1551B84A}.Release|Any CPU.ActiveCfg = Release|Any CPU
		{653C6C3F-AE05-4B77-AD3E-0D3E1551B84A}.Release|Any CPU.Build.0 = Release|Any CPU
		{A16A01B1-3493-4DB3-BA30-51F0B56D5909}.Debug|Any CPU.ActiveCfg = Debug|Any CPU
		{A16A01B1-3493-4DB3-BA30-51F0B56D5909}.Debug|Any CPU.Build.0 = Debug|Any CPU
		{A16A01B1-3493-4DB3-BA30-51F0B56D5909}.Release|Any CPU.ActiveCfg = Release|Any CPU
		{A16A01B1-3493-4DB3-BA30-51F0B56D5909}.Release|Any CPU.Build.0 = Release|Any CPU
		{D8D38ADF-C6FF-4B77-9F27-46973297FB49}.Debug|Any CPU.ActiveCfg = Debug|Any CPU
		{D8D38ADF-C6FF-4B77-9F27-46973297FB49}.Debug|Any CPU.Build.0 = Debug|Any CPU
		{D8D38ADF-C6FF-4B77-9F27-46973297FB49}.Release|Any CPU.ActiveCfg = Release|Any CPU
		{D8D38ADF-C6FF-4B77-9F27-46973297FB49}.Release|Any CPU.Build.0 = Release|Any CPU
		{68F4900B-8583-4424-928A-40C6ED953051}.Debug|Any CPU.ActiveCfg = Debug|Any CPU
		{68F4900B-8583-4424-928A-40C6ED953051}.Debug|Any CPU.Build.0 = Debug|Any CPU
		{68F4900B-8583-4424-928A-40C6ED953051}.Release|Any CPU.ActiveCfg = Release|Any CPU
		{68F4900B-8583-4424-928A-40C6ED953051}.Release|Any CPU.Build.0 = Release|Any CPU
		{86B1674A-5CEB-48EC-8B9A-AA07E375315F}.Debug|Any CPU.ActiveCfg = Debug|Any CPU
		{86B1674A-5CEB-48EC-8B9A-AA07E375315F}.Debug|Any CPU.Build.0 = Debug|Any CPU
		{86B1674A-5CEB-48EC-8B9A-AA07E375315F}.Release|Any CPU.ActiveCfg = Release|Any CPU
		{86B1674A-5CEB-48EC-8B9A-AA07E375315F}.Release|Any CPU.Build.0 = Release|Any CPU
		{FBC0A036-58F5-49CC-83BA-ADBD7C4D3E63}.Debug|Any CPU.ActiveCfg = Debug|Any CPU
		{FBC0A036-58F5-49CC-83BA-ADBD7C4D3E63}.Debug|Any CPU.Build.0 = Debug|Any CPU
		{FBC0A036-58F5-49CC-83BA-ADBD7C4D3E63}.Release|Any CPU.ActiveCfg = Release|Any CPU
		{FBC0A036-58F5-49CC-83BA-ADBD7C4D3E63}.Release|Any CPU.Build.0 = Release|Any CPU
		{2BD3BFEC-5682-4714-A8EA-F103B422789D}.Debug|Any CPU.ActiveCfg = Debug|Any CPU
		{2BD3BFEC-5682-4714-A8EA-F103B422789D}.Debug|Any CPU.Build.0 = Debug|Any CPU
		{2BD3BFEC-5682-4714-A8EA-F103B422789D}.Release|Any CPU.ActiveCfg = Release|Any CPU
		{2BD3BFEC-5682-4714-A8EA-F103B422789D}.Release|Any CPU.Build.0 = Release|Any CPU
		{C9A9FA0C-CEE8-4036-86AB-9C1069DC460D}.Debug|Any CPU.ActiveCfg = Debug|Any CPU
		{C9A9FA0C-CEE8-4036-86AB-9C1069DC460D}.Debug|Any CPU.Build.0 = Debug|Any CPU
		{C9A9FA0C-CEE8-4036-86AB-9C1069DC460D}.Release|Any CPU.ActiveCfg = Release|Any CPU
		{C9A9FA0C-CEE8-4036-86AB-9C1069DC460D}.Release|Any CPU.Build.0 = Release|Any CPU
		{E78A1280-E1D3-4CA6-A7D2-61038D09AA6E}.Debug|Any CPU.ActiveCfg = Debug|Any CPU
		{E78A1280-E1D3-4CA6-A7D2-61038D09AA6E}.Debug|Any CPU.Build.0 = Debug|Any CPU
		{E78A1280-E1D3-4CA6-A7D2-61038D09AA6E}.Release|Any CPU.ActiveCfg = Release|Any CPU
		{E78A1280-E1D3-4CA6-A7D2-61038D09AA6E}.Release|Any CPU.Build.0 = Release|Any CPU
		{034EBA38-9E76-4A3F-B848-BFE1C1C65A73}.Debug|Any CPU.ActiveCfg = Debug|Any CPU
		{034EBA38-9E76-4A3F-B848-BFE1C1C65A73}.Debug|Any CPU.Build.0 = Debug|Any CPU
		{034EBA38-9E76-4A3F-B848-BFE1C1C65A73}.Release|Any CPU.ActiveCfg = Release|Any CPU
		{034EBA38-9E76-4A3F-B848-BFE1C1C65A73}.Release|Any CPU.Build.0 = Release|Any CPU
		{010F83F0-5B5F-440B-92A3-56350A597E53}.Debug|Any CPU.ActiveCfg = Debug|Any CPU
		{010F83F0-5B5F-440B-92A3-56350A597E53}.Debug|Any CPU.Build.0 = Debug|Any CPU
		{010F83F0-5B5F-440B-92A3-56350A597E53}.Release|Any CPU.ActiveCfg = Release|Any CPU
		{010F83F0-5B5F-440B-92A3-56350A597E53}.Release|Any CPU.Build.0 = Release|Any CPU
		{46923B0E-6A98-4670-8747-2FA5A5A30BF1}.Debug|Any CPU.ActiveCfg = Debug|Any CPU
		{46923B0E-6A98-4670-8747-2FA5A5A30BF1}.Debug|Any CPU.Build.0 = Debug|Any CPU
		{46923B0E-6A98-4670-8747-2FA5A5A30BF1}.Release|Any CPU.ActiveCfg = Release|Any CPU
		{46923B0E-6A98-4670-8747-2FA5A5A30BF1}.Release|Any CPU.Build.0 = Release|Any CPU
		{60CA6C52-7704-4BCC-B269-EB8890ECEB8D}.Debug|Any CPU.ActiveCfg = Debug|Any CPU
		{60CA6C52-7704-4BCC-B269-EB8890ECEB8D}.Debug|Any CPU.Build.0 = Debug|Any CPU
		{60CA6C52-7704-4BCC-B269-EB8890ECEB8D}.Release|Any CPU.ActiveCfg = Release|Any CPU
		{60CA6C52-7704-4BCC-B269-EB8890ECEB8D}.Release|Any CPU.Build.0 = Release|Any CPU
		{0E44F35C-1B3B-4ABB-B7FF-88C150018F85}.Debug|Any CPU.ActiveCfg = Debug|Any CPU
		{0E44F35C-1B3B-4ABB-B7FF-88C150018F85}.Debug|Any CPU.Build.0 = Debug|Any CPU
		{0E44F35C-1B3B-4ABB-B7FF-88C150018F85}.Release|Any CPU.ActiveCfg = Release|Any CPU
		{0E44F35C-1B3B-4ABB-B7FF-88C150018F85}.Release|Any CPU.Build.0 = Release|Any CPU
		{043B83F7-E77F-43DA-BDD0-E68F90AF8F7A}.Debug|Any CPU.ActiveCfg = Debug|Any CPU
		{043B83F7-E77F-43DA-BDD0-E68F90AF8F7A}.Debug|Any CPU.Build.0 = Debug|Any CPU
		{043B83F7-E77F-43DA-BDD0-E68F90AF8F7A}.Release|Any CPU.ActiveCfg = Release|Any CPU
		{043B83F7-E77F-43DA-BDD0-E68F90AF8F7A}.Release|Any CPU.Build.0 = Release|Any CPU
		{B6BD35A4-60B9-4C51-A051-BD3D5A20F7EF}.Debug|Any CPU.ActiveCfg = Debug|Any CPU
		{B6BD35A4-60B9-4C51-A051-BD3D5A20F7EF}.Debug|Any CPU.Build.0 = Debug|Any CPU
		{B6BD35A4-60B9-4C51-A051-BD3D5A20F7EF}.Release|Any CPU.ActiveCfg = Release|Any CPU
		{B6BD35A4-60B9-4C51-A051-BD3D5A20F7EF}.Release|Any CPU.Build.0 = Release|Any CPU
		{9F7DB830-0B91-4C71-9F25-92321E315680}.Debug|Any CPU.ActiveCfg = Debug|Any CPU
		{9F7DB830-0B91-4C71-9F25-92321E315680}.Debug|Any CPU.Build.0 = Debug|Any CPU
		{9F7DB830-0B91-4C71-9F25-92321E315680}.Release|Any CPU.ActiveCfg = Release|Any CPU
		{9F7DB830-0B91-4C71-9F25-92321E315680}.Release|Any CPU.Build.0 = Release|Any CPU
		{175150A1-4CD7-4135-8497-B487587E28D5}.Debug|Any CPU.ActiveCfg = Debug|Any CPU
		{175150A1-4CD7-4135-8497-B487587E28D5}.Debug|Any CPU.Build.0 = Debug|Any CPU
		{175150A1-4CD7-4135-8497-B487587E28D5}.Release|Any CPU.ActiveCfg = Release|Any CPU
		{175150A1-4CD7-4135-8497-B487587E28D5}.Release|Any CPU.Build.0 = Release|Any CPU
		{66043AEE-6CED-448B-8A9A-A755B3EB9D84}.Debug|Any CPU.ActiveCfg = Debug|Any CPU
		{66043AEE-6CED-448B-8A9A-A755B3EB9D84}.Debug|Any CPU.Build.0 = Debug|Any CPU
		{66043AEE-6CED-448B-8A9A-A755B3EB9D84}.Release|Any CPU.ActiveCfg = Release|Any CPU
		{66043AEE-6CED-448B-8A9A-A755B3EB9D84}.Release|Any CPU.Build.0 = Release|Any CPU
		{1F14442C-C64C-4EE6-92E5-9742A6EE8805}.Debug|Any CPU.ActiveCfg = Debug|Any CPU
		{1F14442C-C64C-4EE6-92E5-9742A6EE8805}.Debug|Any CPU.Build.0 = Debug|Any CPU
		{1F14442C-C64C-4EE6-92E5-9742A6EE8805}.Release|Any CPU.ActiveCfg = Release|Any CPU
		{1F14442C-C64C-4EE6-92E5-9742A6EE8805}.Release|Any CPU.Build.0 = Release|Any CPU
		{6365BCAF-019D-4FB2-9A09-219D8835E451}.Debug|Any CPU.ActiveCfg = Debug|Any CPU
		{6365BCAF-019D-4FB2-9A09-219D8835E451}.Debug|Any CPU.Build.0 = Debug|Any CPU
		{6365BCAF-019D-4FB2-9A09-219D8835E451}.Release|Any CPU.ActiveCfg = Release|Any CPU
		{6365BCAF-019D-4FB2-9A09-219D8835E451}.Release|Any CPU.Build.0 = Release|Any CPU
		{556E1877-A854-49EB-9980-640753F75AD1}.Debug|Any CPU.ActiveCfg = Debug|Any CPU
		{556E1877-A854-49EB-9980-640753F75AD1}.Debug|Any CPU.Build.0 = Debug|Any CPU
		{556E1877-A854-49EB-9980-640753F75AD1}.Release|Any CPU.ActiveCfg = Release|Any CPU
		{556E1877-A854-49EB-9980-640753F75AD1}.Release|Any CPU.Build.0 = Release|Any CPU
		{71016001-F307-4FA9-B412-F8F1EDDAF518}.Debug|Any CPU.ActiveCfg = Debug|Any CPU
		{71016001-F307-4FA9-B412-F8F1EDDAF518}.Debug|Any CPU.Build.0 = Debug|Any CPU
		{71016001-F307-4FA9-B412-F8F1EDDAF518}.Release|Any CPU.ActiveCfg = Release|Any CPU
		{71016001-F307-4FA9-B412-F8F1EDDAF518}.Release|Any CPU.Build.0 = Release|Any CPU
		{E69D0F52-F2E4-4CB4-91FC-12E104E1690D}.Debug|Any CPU.ActiveCfg = Debug|Any CPU
		{E69D0F52-F2E4-4CB4-91FC-12E104E1690D}.Debug|Any CPU.Build.0 = Debug|Any CPU
		{E69D0F52-F2E4-4CB4-91FC-12E104E1690D}.Release|Any CPU.ActiveCfg = Release|Any CPU
		{E69D0F52-F2E4-4CB4-91FC-12E104E1690D}.Release|Any CPU.Build.0 = Release|Any CPU
		{81401E5F-263B-41A3-B6A6-D0EE9EF7EE0B}.Debug|Any CPU.ActiveCfg = Debug|Any CPU
		{81401E5F-263B-41A3-B6A6-D0EE9EF7EE0B}.Debug|Any CPU.Build.0 = Debug|Any CPU
		{81401E5F-263B-41A3-B6A6-D0EE9EF7EE0B}.Release|Any CPU.ActiveCfg = Release|Any CPU
		{81401E5F-263B-41A3-B6A6-D0EE9EF7EE0B}.Release|Any CPU.Build.0 = Release|Any CPU
		{07AB046F-FD3E-4195-9FB2-E0803B095A7C}.Debug|Any CPU.ActiveCfg = Debug|Any CPU
		{07AB046F-FD3E-4195-9FB2-E0803B095A7C}.Debug|Any CPU.Build.0 = Debug|Any CPU
		{07AB046F-FD3E-4195-9FB2-E0803B095A7C}.Release|Any CPU.ActiveCfg = Release|Any CPU
		{07AB046F-FD3E-4195-9FB2-E0803B095A7C}.Release|Any CPU.Build.0 = Release|Any CPU
		{97EF3578-BFFF-45F1-BDDC-F49390A44477}.Debug|Any CPU.ActiveCfg = Debug|Any CPU
		{97EF3578-BFFF-45F1-BDDC-F49390A44477}.Debug|Any CPU.Build.0 = Debug|Any CPU
		{97EF3578-BFFF-45F1-BDDC-F49390A44477}.Release|Any CPU.ActiveCfg = Release|Any CPU
		{97EF3578-BFFF-45F1-BDDC-F49390A44477}.Release|Any CPU.Build.0 = Release|Any CPU
		{8BF75933-F2ED-400D-BD04-002C865537EE}.Debug|Any CPU.ActiveCfg = Debug|Any CPU
		{8BF75933-F2ED-400D-BD04-002C865537EE}.Debug|Any CPU.Build.0 = Debug|Any CPU
		{8BF75933-F2ED-400D-BD04-002C865537EE}.Release|Any CPU.ActiveCfg = Release|Any CPU
		{8BF75933-F2ED-400D-BD04-002C865537EE}.Release|Any CPU.Build.0 = Release|Any CPU
	EndGlobalSection
	GlobalSection(SolutionProperties) = preSolution
		HideSolutionNode = FALSE
	EndGlobalSection
	GlobalSection(NestedProjects) = preSolution
		{CA5FADB2-EDFD-4D40-B66C-AAA20C73929A} = {082B3696-36BC-465B-9487-1275C108C365}
		{93FD4669-E245-4B7A-A8AF-D0B8FE8095DA} = {082B3696-36BC-465B-9487-1275C108C365}
		{56D404CB-5CE5-42EC-AB15-20D026428585} = {082B3696-36BC-465B-9487-1275C108C365}
		{11B15AC9-53F6-4033-A8F1-A4EA40430961} = {082B3696-36BC-465B-9487-1275C108C365}
		{016C5B94-4654-4286-B22E-CC754D1EB120} = {082B3696-36BC-465B-9487-1275C108C365}
		{21604C5E-4FE2-49EA-ABF7-37581E949F24} = {000039E3-C6AD-4A61-A920-0A955B482CF8}
		{B518BE1A-DE5D-4155-98E5-81794F132629} = {000039E3-C6AD-4A61-A920-0A955B482CF8}
		{4989C12F-9C1B-4D3D-80D6-33C45002E38D} = {000039E3-C6AD-4A61-A920-0A955B482CF8}
		{B1390DD1-74BD-466B-9572-1AE669ECF3F1} = {000039E3-C6AD-4A61-A920-0A955B482CF8}
		{84424E8C-90C6-4787-BC65-2236BABA45E6} = {BA2063AD-434B-48A0-85FD-3FB259D291A7}
		{4A818380-F0BD-48D0-808D-1367D8085FC0} = {BA2063AD-434B-48A0-85FD-3FB259D291A7}
		{653C6C3F-AE05-4B77-AD3E-0D3E1551B84A} = {BA2063AD-434B-48A0-85FD-3FB259D291A7}
		{A16A01B1-3493-4DB3-BA30-51F0B56D5909} = {BA2063AD-434B-48A0-85FD-3FB259D291A7}
		{D8D38ADF-C6FF-4B77-9F27-46973297FB49} = {BA2063AD-434B-48A0-85FD-3FB259D291A7}
		{68F4900B-8583-4424-928A-40C6ED953051} = {BA2063AD-434B-48A0-85FD-3FB259D291A7}
		{86B1674A-5CEB-48EC-8B9A-AA07E375315F} = {BA2063AD-434B-48A0-85FD-3FB259D291A7}
		{FBC0A036-58F5-49CC-83BA-ADBD7C4D3E63} = {BA2063AD-434B-48A0-85FD-3FB259D291A7}
		{2BD3BFEC-5682-4714-A8EA-F103B422789D} = {C98257F0-4076-4566-AB79-9FC630D49ED7}
		{C9A9FA0C-CEE8-4036-86AB-9C1069DC460D} = {C98257F0-4076-4566-AB79-9FC630D49ED7}
		{E78A1280-E1D3-4CA6-A7D2-61038D09AA6E} = {C98257F0-4076-4566-AB79-9FC630D49ED7}
		{034EBA38-9E76-4A3F-B848-BFE1C1C65A73} = {C98257F0-4076-4566-AB79-9FC630D49ED7}
		{010F83F0-5B5F-440B-92A3-56350A597E53} = {C98257F0-4076-4566-AB79-9FC630D49ED7}
		{46923B0E-6A98-4670-8747-2FA5A5A30BF1} = {C98257F0-4076-4566-AB79-9FC630D49ED7}
		{60CA6C52-7704-4BCC-B269-EB8890ECEB8D} = {C98257F0-4076-4566-AB79-9FC630D49ED7}
		{0E44F35C-1B3B-4ABB-B7FF-88C150018F85} = {C98257F0-4076-4566-AB79-9FC630D49ED7}
		{043B83F7-E77F-43DA-BDD0-E68F90AF8F7A} = {C98257F0-4076-4566-AB79-9FC630D49ED7}
		{B6BD35A4-60B9-4C51-A051-BD3D5A20F7EF} = {C98257F0-4076-4566-AB79-9FC630D49ED7}
		{9F7DB830-0B91-4C71-9F25-92321E315680} = {C98257F0-4076-4566-AB79-9FC630D49ED7}
		{175150A1-4CD7-4135-8497-B487587E28D5} = {C98257F0-4076-4566-AB79-9FC630D49ED7}
		{66043AEE-6CED-448B-8A9A-A755B3EB9D84} = {C98257F0-4076-4566-AB79-9FC630D49ED7}
		{1F14442C-C64C-4EE6-92E5-9742A6EE8805} = {C98257F0-4076-4566-AB79-9FC630D49ED7}
		{6365BCAF-019D-4FB2-9A09-219D8835E451} = {C98257F0-4076-4566-AB79-9FC630D49ED7}
		{556E1877-A854-49EB-9980-640753F75AD1} = {F31CEBE1-4135-40CF-9FC2-0BFCFD8CA0ED}
		{71016001-F307-4FA9-B412-F8F1EDDAF518} = {F31CEBE1-4135-40CF-9FC2-0BFCFD8CA0ED}
		{E69D0F52-F2E4-4CB4-91FC-12E104E1690D} = {F31CEBE1-4135-40CF-9FC2-0BFCFD8CA0ED}
		{81401E5F-263B-41A3-B6A6-D0EE9EF7EE0B} = {F31CEBE1-4135-40CF-9FC2-0BFCFD8CA0ED}
		{07AB046F-FD3E-4195-9FB2-E0803B095A7C} = {000039E3-C6AD-4A61-A920-0A955B482CF8}
		{97EF3578-BFFF-45F1-BDDC-F49390A44477} = {5D037CBA-DF6F-4368-98BB-5E54EA347809}
		{8BF75933-F2ED-400D-BD04-002C865537EE} = {5D037CBA-DF6F-4368-98BB-5E54EA347809}
	EndGlobalSection
	GlobalSection(ExtensibilityGlobals) = postSolution
		SolutionGuid = {96E66DB8-E207-463A-8EA9-FF6C4318679A}
	EndGlobalSection
EndGlobal
